
Microsoft Visual Studio Solution File, Format Version 12.00
# Visual Studio Version 17
VisualStudioVersion = 17.5.002.0
MinimumVisualStudioVersion = 10.0.40219.1
Project("{9A19103F-16F7-4668-BE54-9A1E7A4F7556}") = "DartsScorer.Checkout", "DartsScorer.Checkout.csproj", "{A9270227-850C-43C3-A2A7-15493521F93E}"
EndProject
Global
	GlobalSection(SolutionConfigurationPlatforms) = preSolution
		Debug|Any CPU = Debug|Any CPU
		Release|Any CPU = Release|Any CPU
	EndGlobalSection
	GlobalSection(ProjectConfigurationPlatforms) = postSolution
		{A9270227-850C-43C3-A2A7-15493521F93E}.Debug|Any CPU.ActiveCfg = Debug|Any CPU
		{A9270227-850C-43C3-A2A7-15493521F93E}.Debug|Any CPU.Build.0 = Debug|Any CPU
		{A9270227-850C-43C3-A2A7-15493521F93E}.Release|Any CPU.ActiveCfg = Release|Any CPU
		{A9270227-850C-43C3-A2A7-15493521F93E}.Release|Any CPU.Build.0 = Release|Any CPU
	EndGlobalSection
	GlobalSection(SolutionProperties) = preSolution
		HideSolutionNode = FALSE
	EndGlobalSection
	GlobalSection(ExtensibilityGlobals) = postSolution
		SolutionGuid = {D2294D8F-19BC-420C-A88E-7AF87FA99EC2}
	EndGlobalSection
EndGlobal
