// !$*UTF8*$!
{
	archiveVersion = 1;
	classes = {
	};
	objectVersion = 77;
	objects = {

/* Begin PBXContainerItemProxy section */
		126E1B7D2CD3FBF200C15E59 /* PBXContainerItemProxy */ = {
			isa = PBXContainerItemProxy;
			containerPortal = 126E1B602CD3FBF100C15E59 /* Project object */;
			proxyType = 1;
			remoteGlobalIDString = 126E1B672CD3FBF100C15E59;
			remoteInfo = DartsScores;
		};
		126E1B872CD3FBF200C15E59 /* PBXContainerItemProxy */ = {
			isa = PBXContainerItemProxy;
			containerPortal = 126E1B602CD3FBF100C15E59 /* Project object */;
			proxyType = 1;
			remoteGlobalIDString = 126E1B672CD3FBF100C15E59;
			remoteInfo = DartsScores;
		};
/* End PBXContainerItemProxy section */

/* Begin PBXFileReference section */
		126E1B682CD3FBF100C15E59 /* DartsScores.app */ = {isa = PBXFileReference; explicitFileType = wrapper.application; includeInIndex = 0; path = DartsScores.app; sourceTree = BUILT_PRODUCTS_DIR; };
		126E1B7C2CD3FBF200C15E59 /* DartsScoresTests.xctest */ = {isa = PBXFileReference; explicitFileType = wrapper.cfbundle; includeInIndex = 0; path = DartsScoresTests.xctest; sourceTree = BUILT_PRODUCTS_DIR; };
		126E1B862CD3FBF200C15E59 /* DartsScoresUITests.xctest */ = {isa = PBXFileReference; explicitFileType = wrapper.cfbundle; includeInIndex = 0; path = DartsScoresUITests.xctest; sourceTree = BUILT_PRODUCTS_DIR; };
/* End PBXFileReference section */

<<<<<<< Updated upstream
/* Begin PBXFileSystemSynchronizedRootGroup section */
		126E1B6A2CD3FBF100C15E59 /* DartsScores */ = {
			isa = PBXFileSystemSynchronizedRootGroup;
=======
/* Begin PBXFileSystemSynchronizedBuildFileExceptionSet section */
		126E1B8E2CD3FBF200C15E59 /* Exceptions for "DartsScores" folder in "DartsScores" target */ = {
			isa = PBXFileSystemSynchronizedBuildFileExceptionSet;
			membershipExceptions = (
				Info.plist,
			);
			target = 126E1B672CD3FBF100C15E59 /* DartsScores */;
		};
/* End PBXFileSystemSynchronizedBuildFileExceptionSet section */

/* Begin PBXFileSystemSynchronizedRootGroup section */
		126E1B6A2CD3FBF100C15E59 /* DartsScores */ = {
			isa = PBXFileSystemSynchronizedRootGroup;
			exceptions = (
				126E1B8E2CD3FBF200C15E59 /* Exceptions for "DartsScores" folder in "DartsScores" target */,
			);
>>>>>>> Stashed changes
			path = DartsScores;
			sourceTree = "<group>";
		};
		126E1B7F2CD3FBF200C15E59 /* DartsScoresTests */ = {
			isa = PBXFileSystemSynchronizedRootGroup;
			path = DartsScoresTests;
			sourceTree = "<group>";
		};
		126E1B892CD3FBF200C15E59 /* DartsScoresUITests */ = {
			isa = PBXFileSystemSynchronizedRootGroup;
			path = DartsScoresUITests;
			sourceTree = "<group>";
		};
/* End PBXFileSystemSynchronizedRootGroup section */

/* Begin PBXFrameworksBuildPhase section */
		126E1B652CD3FBF100C15E59 /* Frameworks */ = {
			isa = PBXFrameworksBuildPhase;
			buildActionMask = 2147483647;
			files = (
			);
			runOnlyForDeploymentPostprocessing = 0;
		};
		126E1B792CD3FBF200C15E59 /* Frameworks */ = {
			isa = PBXFrameworksBuildPhase;
			buildActionMask = 2147483647;
			files = (
			);
			runOnlyForDeploymentPostprocessing = 0;
		};
		126E1B832CD3FBF200C15E59 /* Frameworks */ = {
			isa = PBXFrameworksBuildPhase;
			buildActionMask = 2147483647;
			files = (
			);
			runOnlyForDeploymentPostprocessing = 0;
		};
/* End PBXFrameworksBuildPhase section */

/* Begin PBXGroup section */
		126E1B5F2CD3FBF100C15E59 = {
			isa = PBXGroup;
			children = (
				126E1B6A2CD3FBF100C15E59 /* DartsScores */,
				126E1B7F2CD3FBF200C15E59 /* DartsScoresTests */,
				126E1B892CD3FBF200C15E59 /* DartsScoresUITests */,
				126E1B692CD3FBF100C15E59 /* Products */,
			);
			sourceTree = "<group>";
		};
		126E1B692CD3FBF100C15E59 /* Products */ = {
			isa = PBXGroup;
			children = (
				126E1B682CD3FBF100C15E59 /* DartsScores.app */,
				126E1B7C2CD3FBF200C15E59 /* DartsScoresTests.xctest */,
				126E1B862CD3FBF200C15E59 /* DartsScoresUITests.xctest */,
			);
			name = Products;
			sourceTree = "<group>";
		};
/* End PBXGroup section */

/* Begin PBXNativeTarget section */
		126E1B672CD3FBF100C15E59 /* DartsScores */ = {
			isa = PBXNativeTarget;
			buildConfigurationList = 126E1B8F2CD3FBF200C15E59 /* Build configuration list for PBXNativeTarget "DartsScores" */;
			buildPhases = (
				126E1B642CD3FBF100C15E59 /* Sources */,
				126E1B652CD3FBF100C15E59 /* Frameworks */,
				126E1B662CD3FBF100C15E59 /* Resources */,
			);
			buildRules = (
			);
			dependencies = (
			);
			fileSystemSynchronizedGroups = (
				126E1B6A2CD3FBF100C15E59 /* DartsScores */,
			);
			name = DartsScores;
			packageProductDependencies = (
			);
			productName = DartsScores;
			productReference = 126E1B682CD3FBF100C15E59 /* DartsScores.app */;
			productType = "com.apple.product-type.application";
		};
		126E1B7B2CD3FBF200C15E59 /* DartsScoresTests */ = {
			isa = PBXNativeTarget;
			buildConfigurationList = 126E1B942CD3FBF200C15E59 /* Build configuration list for PBXNativeTarget "DartsScoresTests" */;
			buildPhases = (
				126E1B782CD3FBF200C15E59 /* Sources */,
				126E1B792CD3FBF200C15E59 /* Frameworks */,
				126E1B7A2CD3FBF200C15E59 /* Resources */,
			);
			buildRules = (
			);
			dependencies = (
				126E1B7E2CD3FBF200C15E59 /* PBXTargetDependency */,
			);
			fileSystemSynchronizedGroups = (
				126E1B7F2CD3FBF200C15E59 /* DartsScoresTests */,
			);
			name = DartsScoresTests;
			packageProductDependencies = (
			);
			productName = DartsScoresTests;
			productReference = 126E1B7C2CD3FBF200C15E59 /* DartsScoresTests.xctest */;
			productType = "com.apple.product-type.bundle.unit-test";
		};
		126E1B852CD3FBF200C15E59 /* DartsScoresUITests */ = {
			isa = PBXNativeTarget;
			buildConfigurationList = 126E1B972CD3FBF200C15E59 /* Build configuration list for PBXNativeTarget "DartsScoresUITests" */;
			buildPhases = (
				126E1B822CD3FBF200C15E59 /* Sources */,
				126E1B832CD3FBF200C15E59 /* Frameworks */,
				126E1B842CD3FBF200C15E59 /* Resources */,
			);
			buildRules = (
			);
			dependencies = (
				126E1B882CD3FBF200C15E59 /* PBXTargetDependency */,
			);
			fileSystemSynchronizedGroups = (
				126E1B892CD3FBF200C15E59 /* DartsScoresUITests */,
			);
			name = DartsScoresUITests;
			packageProductDependencies = (
			);
			productName = DartsScoresUITests;
			productReference = 126E1B862CD3FBF200C15E59 /* DartsScoresUITests.xctest */;
			productType = "com.apple.product-type.bundle.ui-testing";
		};
/* End PBXNativeTarget section */

/* Begin PBXProject section */
		126E1B602CD3FBF100C15E59 /* Project object */ = {
			isa = PBXProject;
			attributes = {
				BuildIndependentTargetsInParallel = 1;
				LastSwiftUpdateCheck = 1610;
				LastUpgradeCheck = 1610;
				TargetAttributes = {
					126E1B672CD3FBF100C15E59 = {
						CreatedOnToolsVersion = 16.1;
					};
					126E1B7B2CD3FBF200C15E59 = {
						CreatedOnToolsVersion = 16.1;
						TestTargetID = 126E1B672CD3FBF100C15E59;
					};
					126E1B852CD3FBF200C15E59 = {
						CreatedOnToolsVersion = 16.1;
						TestTargetID = 126E1B672CD3FBF100C15E59;
					};
				};
			};
			buildConfigurationList = 126E1B632CD3FBF100C15E59 /* Build configuration list for PBXProject "DartsScores" */;
			developmentRegion = en;
			hasScannedForEncodings = 0;
			knownRegions = (
				en,
				Base,
			);
			mainGroup = 126E1B5F2CD3FBF100C15E59;
			minimizedProjectReferenceProxies = 1;
			preferredProjectObjectVersion = 77;
			productRefGroup = 126E1B692CD3FBF100C15E59 /* Products */;
			projectDirPath = "";
			projectRoot = "";
			targets = (
				126E1B672CD3FBF100C15E59 /* DartsScores */,
				126E1B7B2CD3FBF200C15E59 /* DartsScoresTests */,
				126E1B852CD3FBF200C15E59 /* DartsScoresUITests */,
			);
		};
/* End PBXProject section */

/* Begin PBXResourcesBuildPhase section */
		126E1B662CD3FBF100C15E59 /* Resources */ = {
			isa = PBXResourcesBuildPhase;
			buildActionMask = 2147483647;
			files = (
			);
			runOnlyForDeploymentPostprocessing = 0;
		};
		126E1B7A2CD3FBF200C15E59 /* Resources */ = {
			isa = PBXResourcesBuildPhase;
			buildActionMask = 2147483647;
			files = (
			);
			runOnlyForDeploymentPostprocessing = 0;
		};
		126E1B842CD3FBF200C15E59 /* Resources */ = {
			isa = PBXResourcesBuildPhase;
			buildActionMask = 2147483647;
			files = (
			);
			runOnlyForDeploymentPostprocessing = 0;
		};
/* End PBXResourcesBuildPhase section */

/* Begin PBXSourcesBuildPhase section */
		126E1B642CD3FBF100C15E59 /* Sources */ = {
			isa = PBXSourcesBuildPhase;
			buildActionMask = 2147483647;
			files = (
			);
			runOnlyForDeploymentPostprocessing = 0;
		};
		126E1B782CD3FBF200C15E59 /* Sources */ = {
			isa = PBXSourcesBuildPhase;
			buildActionMask = 2147483647;
			files = (
			);
			runOnlyForDeploymentPostprocessing = 0;
		};
		126E1B822CD3FBF200C15E59 /* Sources */ = {
			isa = PBXSourcesBuildPhase;
			buildActionMask = 2147483647;
			files = (
			);
			runOnlyForDeploymentPostprocessing = 0;
		};
/* End PBXSourcesBuildPhase section */

/* Begin PBXTargetDependency section */
		126E1B7E2CD3FBF200C15E59 /* PBXTargetDependency */ = {
			isa = PBXTargetDependency;
			target = 126E1B672CD3FBF100C15E59 /* DartsScores */;
			targetProxy = 126E1B7D2CD3FBF200C15E59 /* PBXContainerItemProxy */;
		};
		126E1B882CD3FBF200C15E59 /* PBXTargetDependency */ = {
			isa = PBXTargetDependency;
			target = 126E1B672CD3FBF100C15E59 /* DartsScores */;
			targetProxy = 126E1B872CD3FBF200C15E59 /* PBXContainerItemProxy */;
		};
/* End PBXTargetDependency section */

/* Begin XCBuildConfiguration section */
		126E1B902CD3FBF200C15E59 /* Debug */ = {
			isa = XCBuildConfiguration;
			buildSettings = {
				ASSETCATALOG_COMPILER_APPICON_NAME = AppIcon;
				ASSETCATALOG_COMPILER_GLOBAL_ACCENT_COLOR_NAME = AccentColor;
				CODE_SIGN_ENTITLEMENTS = DartsScores/DartsScores.entitlements;
				CODE_SIGN_STYLE = Automatic;
				CURRENT_PROJECT_VERSION = 1;
				DEVELOPMENT_ASSET_PATHS = "\"DartsScores/Preview Content\"";
				ENABLE_PREVIEWS = YES;
				GENERATE_INFOPLIST_FILE = YES;
				INFOPLIST_FILE = DartsScores/Info.plist;
				INFOPLIST_KEY_UIApplicationSceneManifest_Generation = YES;
				INFOPLIST_KEY_UIApplicationSupportsIndirectInputEvents = YES;
				INFOPLIST_KEY_UILaunchScreen_Generation = YES;
				INFOPLIST_KEY_UISupportedInterfaceOrientations_iPad = "UIInterfaceOrientationPortrait UIInterfaceOrientationPortraitUpsideDown UIInterfaceOrientationLandscapeLeft UIInterfaceOrientationLandscapeRight";
				INFOPLIST_KEY_UISupportedInterfaceOrientations_iPhone = "UIInterfaceOrientationPortrait UIInterfaceOrientationLandscapeLeft UIInterfaceOrientationLandscapeRight";
				LD_RUNPATH_SEARCH_PATHS = (
					"$(inherited)",
					"@executable_path/Frameworks",
				);
				MARKETING_VERSION = 1.0;
				PRODUCT_BUNDLE_IDENTIFIER = Hewley.DartsScores;
				PRODUCT_NAME = "$(TARGET_NAME)";
				SWIFT_EMIT_LOC_STRINGS = YES;
				SWIFT_VERSION = 5.0;
				TARGETED_DEVICE_FAMILY = "1,2";
			};
			name = Debug;
		};
		126E1B912CD3FBF200C15E59 /* Release */ = {
			isa = XCBuildConfiguration;
			buildSettings = {
				ASSETCATALOG_COMPILER_APPICON_NAME = AppIcon;
				ASSETCATALOG_COMPILER_GLOBAL_ACCENT_COLOR_NAME = AccentColor;
				CODE_SIGN_ENTITLEMENTS = DartsScores/DartsScores.entitlements;
				CODE_SIGN_STYLE = Automatic;
				CURRENT_PROJECT_VERSION = 1;
				DEVELOPMENT_ASSET_PATHS = "\"DartsScores/Preview Content\"";
				ENABLE_PREVIEWS = YES;
				GENERATE_INFOPLIST_FILE = YES;
				INFOPLIST_FILE = DartsScores/Info.plist;
				INFOPLIST_KEY_UIApplicationSceneManifest_Generation = YES;
				INFOPLIST_KEY_UIApplicationSupportsIndirectInputEvents = YES;
				INFOPLIST_KEY_UILaunchScreen_Generation = YES;
				INFOPLIST_KEY_UISupportedInterfaceOrientations_iPad = "UIInterfaceOrientationPortrait UIInterfaceOrientationPortraitUpsideDown UIInterfaceOrientationLandscapeLeft UIInterfaceOrientationLandscapeRight";
				INFOPLIST_KEY_UISupportedInterfaceOrientations_iPhone = "UIInterfaceOrientationPortrait UIInterfaceOrientationLandscapeLeft UIInterfaceOrientationLandscapeRight";
				LD_RUNPATH_SEARCH_PATHS = (
					"$(inherited)",
					"@executable_path/Frameworks",
				);
				MARKETING_VERSION = 1.0;
				PRODUCT_BUNDLE_IDENTIFIER = Hewley.DartsScores;
				PRODUCT_NAME = "$(TARGET_NAME)";
				SWIFT_EMIT_LOC_STRINGS = YES;
				SWIFT_VERSION = 5.0;
				TARGETED_DEVICE_FAMILY = "1,2";
			};
			name = Release;
		};
		126E1B922CD3FBF200C15E59 /* Debug */ = {
			isa = XCBuildConfiguration;
			buildSettings = {
				ALWAYS_SEARCH_USER_PATHS = NO;
				ASSETCATALOG_COMPILER_GENERATE_SWIFT_ASSET_SYMBOL_EXTENSIONS = YES;
				CLANG_ANALYZER_NONNULL = YES;
				CLANG_ANALYZER_NUMBER_OBJECT_CONVERSION = YES_AGGRESSIVE;
				CLANG_CXX_LANGUAGE_STANDARD = "gnu++20";
				CLANG_ENABLE_MODULES = YES;
				CLANG_ENABLE_OBJC_ARC = YES;
				CLANG_ENABLE_OBJC_WEAK = YES;
				CLANG_WARN_BLOCK_CAPTURE_AUTORELEASING = YES;
				CLANG_WARN_BOOL_CONVERSION = YES;
				CLANG_WARN_COMMA = YES;
				CLANG_WARN_CONSTANT_CONVERSION = YES;
				CLANG_WARN_DEPRECATED_OBJC_IMPLEMENTATIONS = YES;
				CLANG_WARN_DIRECT_OBJC_ISA_USAGE = YES_ERROR;
				CLANG_WARN_DOCUMENTATION_COMMENTS = YES;
				CLANG_WARN_EMPTY_BODY = YES;
				CLANG_WARN_ENUM_CONVERSION = YES;
				CLANG_WARN_INFINITE_RECURSION = YES;
				CLANG_WARN_INT_CONVERSION = YES;
				CLANG_WARN_NON_LITERAL_NULL_CONVERSION = YES;
				CLANG_WARN_OBJC_IMPLICIT_RETAIN_SELF = YES;
				CLANG_WARN_OBJC_LITERAL_CONVERSION = YES;
				CLANG_WARN_OBJC_ROOT_CLASS = YES_ERROR;
				CLANG_WARN_QUOTED_INCLUDE_IN_FRAMEWORK_HEADER = YES;
				CLANG_WARN_RANGE_LOOP_ANALYSIS = YES;
				CLANG_WARN_STRICT_PROTOTYPES = YES;
				CLANG_WARN_SUSPICIOUS_MOVE = YES;
				CLANG_WARN_UNGUARDED_AVAILABILITY = YES_AGGRESSIVE;
				CLANG_WARN_UNREACHABLE_CODE = YES;
				CLANG_WARN__DUPLICATE_METHOD_MATCH = YES;
				COPY_PHASE_STRIP = NO;
				DEBUG_INFORMATION_FORMAT = dwarf;
				ENABLE_STRICT_OBJC_MSGSEND = YES;
				ENABLE_TESTABILITY = YES;
				ENABLE_USER_SCRIPT_SANDBOXING = YES;
				GCC_C_LANGUAGE_STANDARD = gnu17;
				GCC_DYNAMIC_NO_PIC = NO;
				GCC_NO_COMMON_BLOCKS = YES;
				GCC_OPTIMIZATION_LEVEL = 0;
				GCC_PREPROCESSOR_DEFINITIONS = (
					"DEBUG=1",
					"$(inherited)",
				);
				GCC_WARN_64_TO_32_BIT_CONVERSION = YES;
				GCC_WARN_ABOUT_RETURN_TYPE = YES_ERROR;
				GCC_WARN_UNDECLARED_SELECTOR = YES;
				GCC_WARN_UNINITIALIZED_AUTOS = YES_AGGRESSIVE;
				GCC_WARN_UNUSED_FUNCTION = YES;
				GCC_WARN_UNUSED_VARIABLE = YES;
				IPHONEOS_DEPLOYMENT_TARGET = 18.1;
				LOCALIZATION_PREFERS_STRING_CATALOGS = YES;
				MTL_ENABLE_DEBUG_INFO = INCLUDE_SOURCE;
				MTL_FAST_MATH = YES;
				ONLY_ACTIVE_ARCH = YES;
				SDKROOT = iphoneos;
				SWIFT_ACTIVE_COMPILATION_CONDITIONS = "DEBUG $(inherited)";
				SWIFT_OPTIMIZATION_LEVEL = "-Onone";
			};
			name = Debug;
		};
		126E1B932CD3FBF200C15E59 /* Release */ = {
			isa = XCBuildConfiguration;
			buildSettings = {
				ALWAYS_SEARCH_USER_PATHS = NO;
				ASSETCATALOG_COMPILER_GENERATE_SWIFT_ASSET_SYMBOL_EXTENSIONS = YES;
				CLANG_ANALYZER_NONNULL = YES;
				CLANG_ANALYZER_NUMBER_OBJECT_CONVERSION = YES_AGGRESSIVE;
				CLANG_CXX_LANGUAGE_STANDARD = "gnu++20";
				CLANG_ENABLE_MODULES = YES;
				CLANG_ENABLE_OBJC_ARC = YES;
				CLANG_ENABLE_OBJC_WEAK = YES;
				CLANG_WARN_BLOCK_CAPTURE_AUTORELEASING = YES;
				CLANG_WARN_BOOL_CONVERSION = YES;
				CLANG_WARN_COMMA = YES;
				CLANG_WARN_CONSTANT_CONVERSION = YES;
				CLANG_WARN_DEPRECATED_OBJC_IMPLEMENTATIONS = YES;
				CLANG_WARN_DIRECT_OBJC_ISA_USAGE = YES_ERROR;
				CLANG_WARN_DOCUMENTATION_COMMENTS = YES;
				CLANG_WARN_EMPTY_BODY = YES;
				CLANG_WARN_ENUM_CONVERSION = YES;
				CLANG_WARN_INFINITE_RECURSION = YES;
				CLANG_WARN_INT_CONVERSION = YES;
				CLANG_WARN_NON_LITERAL_NULL_CONVERSION = YES;
				CLANG_WARN_OBJC_IMPLICIT_RETAIN_SELF = YES;
				CLANG_WARN_OBJC_LITERAL_CONVERSION = YES;
				CLANG_WARN_OBJC_ROOT_CLASS = YES_ERROR;
				CLANG_WARN_QUOTED_INCLUDE_IN_FRAMEWORK_HEADER = YES;
				CLANG_WARN_RANGE_LOOP_ANALYSIS = YES;
				CLANG_WARN_STRICT_PROTOTYPES = YES;
				CLANG_WARN_SUSPICIOUS_MOVE = YES;
				CLANG_WARN_UNGUARDED_AVAILABILITY = YES_AGGRESSIVE;
				CLANG_WARN_UNREACHABLE_CODE = YES;
				CLANG_WARN__DUPLICATE_METHOD_MATCH = YES;
				COPY_PHASE_STRIP = NO;
				DEBUG_INFORMATION_FORMAT = "dwarf-with-dsym";
				ENABLE_NS_ASSERTIONS = NO;
				ENABLE_STRICT_OBJC_MSGSEND = YES;
				ENABLE_USER_SCRIPT_SANDBOXING = YES;
				GCC_C_LANGUAGE_STANDARD = gnu17;
				GCC_NO_COMMON_BLOCKS = YES;
				GCC_WARN_64_TO_32_BIT_CONVERSION = YES;
				GCC_WARN_ABOUT_RETURN_TYPE = YES_ERROR;
				GCC_WARN_UNDECLARED_SELECTOR = YES;
				GCC_WARN_UNINITIALIZED_AUTOS = YES_AGGRESSIVE;
				GCC_WARN_UNUSED_FUNCTION = YES;
				GCC_WARN_UNUSED_VARIABLE = YES;
				IPHONEOS_DEPLOYMENT_TARGET = 18.1;
				LOCALIZATION_PREFERS_STRING_CATALOGS = YES;
				MTL_ENABLE_DEBUG_INFO = NO;
				MTL_FAST_MATH = YES;
				SDKROOT = iphoneos;
				SWIFT_COMPILATION_MODE = wholemodule;
				VALIDATE_PRODUCT = YES;
			};
			name = Release;
		};
		126E1B952CD3FBF200C15E59 /* Debug */ = {
			isa = XCBuildConfiguration;
			buildSettings = {
				BUNDLE_LOADER = "$(TEST_HOST)";
				CODE_SIGN_STYLE = Automatic;
				CURRENT_PROJECT_VERSION = 1;
				GENERATE_INFOPLIST_FILE = YES;
				IPHONEOS_DEPLOYMENT_TARGET = 18.1;
				MARKETING_VERSION = 1.0;
				PRODUCT_BUNDLE_IDENTIFIER = Hewley.DartsScoresTests;
				PRODUCT_NAME = "$(TARGET_NAME)";
				SWIFT_EMIT_LOC_STRINGS = NO;
				SWIFT_VERSION = 5.0;
				TARGETED_DEVICE_FAMILY = "1,2";
				TEST_HOST = "$(BUILT_PRODUCTS_DIR)/DartsScores.app/$(BUNDLE_EXECUTABLE_FOLDER_PATH)/DartsScores";
			};
			name = Debug;
		};
		126E1B962CD3FBF200C15E59 /* Release */ = {
			isa = XCBuildConfiguration;
			buildSettings = {
				BUNDLE_LOADER = "$(TEST_HOST)";
				CODE_SIGN_STYLE = Automatic;
				CURRENT_PROJECT_VERSION = 1;
				GENERATE_INFOPLIST_FILE = YES;
				IPHONEOS_DEPLOYMENT_TARGET = 18.1;
				MARKETING_VERSION = 1.0;
				PRODUCT_BUNDLE_IDENTIFIER = Hewley.DartsScoresTests;
				PRODUCT_NAME = "$(TARGET_NAME)";
				SWIFT_EMIT_LOC_STRINGS = NO;
				SWIFT_VERSION = 5.0;
				TARGETED_DEVICE_FAMILY = "1,2";
				TEST_HOST = "$(BUILT_PRODUCTS_DIR)/DartsScores.app/$(BUNDLE_EXECUTABLE_FOLDER_PATH)/DartsScores";
			};
			name = Release;
		};
		126E1B982CD3FBF200C15E59 /* Debug */ = {
			isa = XCBuildConfiguration;
			buildSettings = {
				CODE_SIGN_STYLE = Automatic;
				CURRENT_PROJECT_VERSION = 1;
				GENERATE_INFOPLIST_FILE = YES;
				MARKETING_VERSION = 1.0;
				PRODUCT_BUNDLE_IDENTIFIER = Hewley.DartsScoresUITests;
				PRODUCT_NAME = "$(TARGET_NAME)";
				SWIFT_EMIT_LOC_STRINGS = NO;
				SWIFT_VERSION = 5.0;
				TARGETED_DEVICE_FAMILY = "1,2";
				TEST_TARGET_NAME = DartsScores;
			};
			name = Debug;
		};
		126E1B992CD3FBF200C15E59 /* Release */ = {
			isa = XCBuildConfiguration;
			buildSettings = {
				CODE_SIGN_STYLE = Automatic;
				CURRENT_PROJECT_VERSION = 1;
				GENERATE_INFOPLIST_FILE = YES;
				MARKETING_VERSION = 1.0;
				PRODUCT_BUNDLE_IDENTIFIER = Hewley.DartsScoresUITests;
				PRODUCT_NAME = "$(TARGET_NAME)";
				SWIFT_EMIT_LOC_STRINGS = NO;
				SWIFT_VERSION = 5.0;
				TARGETED_DEVICE_FAMILY = "1,2";
				TEST_TARGET_NAME = DartsScores;
			};
			name = Release;
		};
/* End XCBuildConfiguration section */

/* Begin XCConfigurationList section */
		126E1B632CD3FBF100C15E59 /* Build configuration list for PBXProject "DartsScores" */ = {
			isa = XCConfigurationList;
			buildConfigurations = (
				126E1B922CD3FBF200C15E59 /* Debug */,
				126E1B932CD3FBF200C15E59 /* Release */,
			);
			defaultConfigurationIsVisible = 0;
			defaultConfigurationName = Release;
		};
		126E1B8F2CD3FBF200C15E59 /* Build configuration list for PBXNativeTarget "DartsScores" */ = {
			isa = XCConfigurationList;
			buildConfigurations = (
				126E1B902CD3FBF200C15E59 /* Debug */,
				126E1B912CD3FBF200C15E59 /* Release */,
			);
			defaultConfigurationIsVisible = 0;
			defaultConfigurationName = Release;
		};
		126E1B942CD3FBF200C15E59 /* Build configuration list for PBXNativeTarget "DartsScoresTests" */ = {
			isa = XCConfigurationList;
			buildConfigurations = (
				126E1B952CD3FBF200C15E59 /* Debug */,
				126E1B962CD3FBF200C15E59 /* Release */,
			);
			defaultConfigurationIsVisible = 0;
			defaultConfigurationName = Release;
		};
		126E1B972CD3FBF200C15E59 /* Build configuration list for PBXNativeTarget "DartsScoresUITests" */ = {
			isa = XCConfigurationList;
			buildConfigurations = (
				126E1B982CD3FBF200C15E59 /* Debug */,
				126E1B992CD3FBF200C15E59 /* Release */,
			);
			defaultConfigurationIsVisible = 0;
			defaultConfigurationName = Release;
		};
/* End XCConfigurationList section */
	};
	rootObject = 126E1B602CD3FBF100C15E59 /* Project object */;
}
