
Microsoft Visual Studio Solution File, Format Version 12.00
# Visual Studio Version 17
VisualStudioVersion = 17.5.002.0
MinimumVisualStudioVersion = 10.0.40219.1
Project("{9A19103F-16F7-4668-BE54-9A1E7A4F7556}") = "DartsScrorer.Checkout", "DartsScrorer.Checkout.csproj", "{117E42CC-8CA6-406E-A0CC-028D56D17398}"
EndProject
Global
	GlobalSection(SolutionConfigurationPlatforms) = preSolution
		Debug|Any CPU = Debug|Any CPU
		Release|Any CPU = Release|Any CPU
	EndGlobalSection
	GlobalSection(ProjectConfigurationPlatforms) = postSolution
		{117E42CC-8CA6-406E-A0CC-028D56D17398}.Debug|Any CPU.ActiveCfg = Debug|Any CPU
		{117E42CC-8CA6-406E-A0CC-028D56D17398}.Debug|Any CPU.Build.0 = Debug|Any CPU
		{117E42CC-8CA6-406E-A0CC-028D56D17398}.Release|Any CPU.ActiveCfg = Release|Any CPU
		{117E42CC-8CA6-406E-A0CC-028D56D17398}.Release|Any CPU.Build.0 = Release|Any CPU
	EndGlobalSection
	GlobalSection(SolutionProperties) = preSolution
		HideSolutionNode = FALSE
	EndGlobalSection
	GlobalSection(ExtensibilityGlobals) = postSolution
		SolutionGuid = {D13E9502-11F6-4ABC-B640-F3304750AD71}
	EndGlobalSection
EndGlobal
